
Microsoft Visual Studio Solution File, Format Version 12.00
# Visual Studio 15
VisualStudioVersion = 15.0.27428.2043
MinimumVisualStudioVersion = 10.0.40219.1
Project("{FAE04EC0-301F-11D3-BF4B-00C04F79EFBC}") = "Cuentas", "Cuentas\Cuentas.csproj", "{BD231136-5B36-4877-9DAD-A2C543BD17F1}"
EndProject
Global
	GlobalSection(SolutionConfigurationPlatforms) = preSolution
		Debug|Any CPU = Debug|Any CPU
		Release|Any CPU = Release|Any CPU
	EndGlobalSection
	GlobalSection(ProjectConfigurationPlatforms) = postSolution
		{BD231136-5B36-4877-9DAD-A2C543BD17F1}.Debug|Any CPU.ActiveCfg = Debug|Any CPU
		{BD231136-5B36-4877-9DAD-A2C543BD17F1}.Debug|Any CPU.Build.0 = Debug|Any CPU
		{BD231136-5B36-4877-9DAD-A2C543BD17F1}.Release|Any CPU.ActiveCfg = Release|Any CPU
		{BD231136-5B36-4877-9DAD-A2C543BD17F1}.Release|Any CPU.Build.0 = Release|Any CPU
	EndGlobalSection
	GlobalSection(SolutionProperties) = preSolution
		HideSolutionNode = FALSE
	EndGlobalSection
	GlobalSection(ExtensibilityGlobals) = postSolution
		SolutionGuid = {7C67C99D-9636-433F-95B3-6ED5698388B8}
	EndGlobalSection
EndGlobal
